// !$*UTF8*$!
{
	archiveVersion = 1;
	classes = {
	};
	objectVersion = 46;
	objects = {

/* Begin PBXBuildFile section */
		8B115D2A1C2DAFEC0079589F /* RecallManager.swift in Sources */ = {isa = PBXBuildFile; fileRef = 8B115D291C2DAFEC0079589F /* RecallManager.swift */; };
		8B3333991C28C02100831806 /* AppDelegate.swift in Sources */ = {isa = PBXBuildFile; fileRef = 8B3333981C28C02100831806 /* AppDelegate.swift */; };
		8B33339B1C28C02100831806 /* ViewController.swift in Sources */ = {isa = PBXBuildFile; fileRef = 8B33339A1C28C02100831806 /* ViewController.swift */; };
		8B33339E1C28C02100831806 /* Main.storyboard in Resources */ = {isa = PBXBuildFile; fileRef = 8B33339C1C28C02100831806 /* Main.storyboard */; };
		8B3333A01C28C02100831806 /* Assets.xcassets in Resources */ = {isa = PBXBuildFile; fileRef = 8B33339F1C28C02100831806 /* Assets.xcassets */; };
		8B3333A31C28C02100831806 /* LaunchScreen.storyboard in Resources */ = {isa = PBXBuildFile; fileRef = 8B3333A11C28C02100831806 /* LaunchScreen.storyboard */; };
		8B3333AE1C28C02100831806 /* OpenFoodTests.swift in Sources */ = {isa = PBXBuildFile; fileRef = 8B3333AD1C28C02100831806 /* OpenFoodTests.swift */; };
		8B3333B91C28C02100831806 /* OpenFoodUITests.swift in Sources */ = {isa = PBXBuildFile; fileRef = 8B3333B81C28C02100831806 /* OpenFoodUITests.swift */; };
		8B3333C71C28C36A00831806 /* Constants.swift in Sources */ = {isa = PBXBuildFile; fileRef = 8B3333C61C28C36A00831806 /* Constants.swift */; };
		8B3333C91C28D7BB00831806 /* RecallTableViewCell.swift in Sources */ = {isa = PBXBuildFile; fileRef = 8B3333C81C28D7BB00831806 /* RecallTableViewCell.swift */; };
		8B3333CB1C28D87E00831806 /* Recall.swift in Sources */ = {isa = PBXBuildFile; fileRef = 8B3333CA1C28D87E00831806 /* Recall.swift */; };
		8B346D6E1C581F2900DD65C5 /* README.md in Sources */ = {isa = PBXBuildFile; fileRef = 8B346D6D1C581F2900DD65C5 /* README.md */; };
		8B346D701C581F5C00DD65C5 /* Demo.gif in Resources */ = {isa = PBXBuildFile; fileRef = 8B346D6F1C581F5C00DD65C5 /* Demo.gif */; };
		8B3D2BD61D28068900A48A48 /* iosDistribution.p12.enc in Resources */ = {isa = PBXBuildFile; fileRef = 8B3D2BD51D28068900A48A48 /* iosDistribution.p12.enc */; };
		8B72884A1C3239F60019297E /* MetaInfo.swift in Sources */ = {isa = PBXBuildFile; fileRef = 8B7288491C3239F60019297E /* MetaInfo.swift */; };
		8B97C8BE1C28E95F00A977C8 /* DetailViewController.swift in Sources */ = {isa = PBXBuildFile; fileRef = 8B97C8BD1C28E95F00A977C8 /* DetailViewController.swift */; };
		8B9E8E541C2A2AD900C6527E /* USStates.swift in Sources */ = {isa = PBXBuildFile; fileRef = 8B9E8E531C2A2AD900C6527E /* USStates.swift */; };
		8B9E8E561C2A36C200C6527E /* USStatePolygons.swift in Sources */ = {isa = PBXBuildFile; fileRef = 8B9E8E551C2A36C200C6527E /* USStatePolygons.swift */; };
		8B9E8E581C2A3CBD00C6527E /* MapKit.framework in Frameworks */ = {isa = PBXBuildFile; fileRef = 8B9E8E571C2A3CBD00C6527E /* MapKit.framework */; };
		8BBF50C61C2DA99400606FE7 /* Extensions.swift in Sources */ = {isa = PBXBuildFile; fileRef = 8BBF50C51C2DA99400606FE7 /* Extensions.swift */; };
		8BC6059B1C3B141000C9FF94 /* Reach.swift in Sources */ = {isa = PBXBuildFile; fileRef = 8BC6059A1C3B141000C9FF94 /* Reach.swift */; };
		8BC6059D1C3B27EC00C9FF94 /* Helpers.swift in Sources */ = {isa = PBXBuildFile; fileRef = 8BC6059C1C3B27EC00C9FF94 /* Helpers.swift */; };
		8BD915CC1C3443D800973B8E /* StoreKit.framework in Frameworks */ = {isa = PBXBuildFile; fileRef = 8BD915CB1C3443D800973B8E /* StoreKit.framework */; };
		8BD915CE1C34450E00973B8E /* iAd.framework in Frameworks */ = {isa = PBXBuildFile; fileRef = 8BD915CD1C34450E00973B8E /* iAd.framework */; };
		8BD915D01C344B6400973B8E /* AboutViewController.swift in Sources */ = {isa = PBXBuildFile; fileRef = 8BD915CF1C344B6400973B8E /* AboutViewController.swift */; };
		8BD915D21C34594D00973B8E /* IAPHelper.swift in Sources */ = {isa = PBXBuildFile; fileRef = 8BD915D11C34594D00973B8E /* IAPHelper.swift */; };
		8BD915D41C34598600973B8E /* Product.swift in Sources */ = {isa = PBXBuildFile; fileRef = 8BD915D31C34598600973B8E /* Product.swift */; };
		8BDEAD371D2294CA00672830 /* .travis.yml in Resources */ = {isa = PBXBuildFile; fileRef = 8BDEAD361D2294CA00672830 /* .travis.yml */; };
		8BE72A441D24BD4D0058619A /* script.sh in Resources */ = {isa = PBXBuildFile; fileRef = 8BE72A431D24BD4D0058619A /* script.sh */; };
		8BE72A471D24BD730058619A /* after_success_script.sh in Resources */ = {isa = PBXBuildFile; fileRef = 8BE72A461D24BD730058619A /* after_success_script.sh */; };
		8BF89CA01C45F46E00359C41 /* Appfile in Resources */ = {isa = PBXBuildFile; fileRef = 8BF89C881C45F46E00359C41 /* Appfile */; };
		8BF89CA11C45F46E00359C41 /* Deliverfile in Resources */ = {isa = PBXBuildFile; fileRef = 8BF89C891C45F46E00359C41 /* Deliverfile */; };
		8BF89CA21C45F46E00359C41 /* Fastfile in Resources */ = {isa = PBXBuildFile; fileRef = 8BF89C8A1C45F46E00359C41 /* Fastfile */; };
		8BF89CA31C45F46E00359C41 /* copyright.txt in Resources */ = {isa = PBXBuildFile; fileRef = 8BF89C8C1C45F46E00359C41 /* copyright.txt */; };
		8BF89CA41C45F46E00359C41 /* description.txt in Resources */ = {isa = PBXBuildFile; fileRef = 8BF89C8E1C45F46E00359C41 /* description.txt */; };
		8BF89CA51C45F46E00359C41 /* keywords.txt in Resources */ = {isa = PBXBuildFile; fileRef = 8BF89C8F1C45F46E00359C41 /* keywords.txt */; };
		8BF89CA61C45F46E00359C41 /* marketing_url.txt in Resources */ = {isa = PBXBuildFile; fileRef = 8BF89C901C45F46E00359C41 /* marketing_url.txt */; };
		8BF89CA71C45F46E00359C41 /* name.txt in Resources */ = {isa = PBXBuildFile; fileRef = 8BF89C911C45F46E00359C41 /* name.txt */; };
		8BF89CA81C45F46E00359C41 /* privacy_url.txt in Resources */ = {isa = PBXBuildFile; fileRef = 8BF89C921C45F46E00359C41 /* privacy_url.txt */; };
		8BF89CA91C45F46E00359C41 /* release_notes.txt in Resources */ = {isa = PBXBuildFile; fileRef = 8BF89C931C45F46E00359C41 /* release_notes.txt */; };
		8BF89CAA1C45F46E00359C41 /* support_url.txt in Resources */ = {isa = PBXBuildFile; fileRef = 8BF89C941C45F46E00359C41 /* support_url.txt */; };
		8BF89CAB1C45F46E00359C41 /* primary_category.txt in Resources */ = {isa = PBXBuildFile; fileRef = 8BF89C951C45F46E00359C41 /* primary_category.txt */; };
		8BF89CAC1C45F46E00359C41 /* primary_first_sub_category.txt in Resources */ = {isa = PBXBuildFile; fileRef = 8BF89C961C45F46E00359C41 /* primary_first_sub_category.txt */; };
		8BF89CAD1C45F46E00359C41 /* primary_second_sub_category.txt in Resources */ = {isa = PBXBuildFile; fileRef = 8BF89C971C45F46E00359C41 /* primary_second_sub_category.txt */; };
		8BF89CAE1C45F46E00359C41 /* secondary_category.txt in Resources */ = {isa = PBXBuildFile; fileRef = 8BF89C981C45F46E00359C41 /* secondary_category.txt */; };
		8BF89CAF1C45F46E00359C41 /* secondary_first_sub_category.txt in Resources */ = {isa = PBXBuildFile; fileRef = 8BF89C991C45F46E00359C41 /* secondary_first_sub_category.txt */; };
		8BF89CB01C45F46E00359C41 /* secondary_second_sub_category.txt in Resources */ = {isa = PBXBuildFile; fileRef = 8BF89C9A1C45F46E00359C41 /* secondary_second_sub_category.txt */; };
		8BF89CB11C45F46E00359C41 /* report.xml in Resources */ = {isa = PBXBuildFile; fileRef = 8BF89C9B1C45F46E00359C41 /* report.xml */; };
		8BF89CB21C45F46E00359C41 /* README.txt in Resources */ = {isa = PBXBuildFile; fileRef = 8BF89C9D1C45F46E00359C41 /* README.txt */; };
		8BF89CB31C45F46E00359C41 /* Snapfile in Resources */ = {isa = PBXBuildFile; fileRef = 8BF89C9E1C45F46E00359C41 /* Snapfile */; };
		8BF89CBF1C45FC2200359C41 /* OpenFoodSnapshot.swift in Sources */ = {isa = PBXBuildFile; fileRef = 8BF89CBE1C45FC2200359C41 /* OpenFoodSnapshot.swift */; };
		8BF89CC71C45FCE700359C41 /* SnapshotHelper.swift in Sources */ = {isa = PBXBuildFile; fileRef = 8BF89C9F1C45F46E00359C41 /* SnapshotHelper.swift */; };
		8BF89CCA1C46066700359C41 /* keyword.strings in Resources */ = {isa = PBXBuildFile; fileRef = 8BF89CC81C46066700359C41 /* keyword.strings */; };
		8BF89CCB1C46066700359C41 /* title.strings in Resources */ = {isa = PBXBuildFile; fileRef = 8BF89CC91C46066700359C41 /* title.strings */; };
		8BF89CDE1C46068200359C41 /* background.jpg in Resources */ = {isa = PBXBuildFile; fileRef = 8BF89CCC1C46068200359C41 /* background.jpg */; };
		8BF89CDF1C46068200359C41 /* ChalkboardSE-Bold.ttf in Resources */ = {isa = PBXBuildFile; fileRef = 8BF89CCF1C46068200359C41 /* ChalkboardSE-Bold.ttf */; };
		8BF89CE01C46068200359C41 /* ChalkboardSE-Light.ttf in Resources */ = {isa = PBXBuildFile; fileRef = 8BF89CD01C46068200359C41 /* ChalkboardSE-Light.ttf */; };
		8BF89CE11C46068200359C41 /* ChalkboardSE-Regular.ttf in Resources */ = {isa = PBXBuildFile; fileRef = 8BF89CD11C46068200359C41 /* ChalkboardSE-Regular.ttf */; };
		8BF89CE21C46068200359C41 /* fonts.dir in Resources */ = {isa = PBXBuildFile; fileRef = 8BF89CD21C46068200359C41 /* fonts.dir */; };
		8BF89CE31C46068200359C41 /* fonts.scale in Resources */ = {isa = PBXBuildFile; fileRef = 8BF89CD31C46068200359C41 /* fonts.scale */; };
		8BF89CE41C46068200359C41 /* ChalkboardSE.ttc in Resources */ = {isa = PBXBuildFile; fileRef = 8BF89CD51C46068200359C41 /* ChalkboardSE.ttc */; };
		8BF89CE51C46068200359C41 /* fonts.dir in Resources */ = {isa = PBXBuildFile; fileRef = 8BF89CD71C46068200359C41 /* fonts.dir */; };
		8BF89CE61C46068200359C41 /* fonts.scale in Resources */ = {isa = PBXBuildFile; fileRef = 8BF89CD81C46068200359C41 /* fonts.scale */; };
		8BF89CE71C46068200359C41 /* Verdana Bold Italic.ttf in Resources */ = {isa = PBXBuildFile; fileRef = 8BF89CD91C46068200359C41 /* Verdana Bold Italic.ttf */; };
		8BF89CE81C46068200359C41 /* Verdana Bold.ttf in Resources */ = {isa = PBXBuildFile; fileRef = 8BF89CDA1C46068200359C41 /* Verdana Bold.ttf */; };
		8BF89CE91C46068200359C41 /* Verdana Italic.ttf in Resources */ = {isa = PBXBuildFile; fileRef = 8BF89CDB1C46068200359C41 /* Verdana Italic.ttf */; };
		8BF89CEA1C46068200359C41 /* Verdana.ttf in Resources */ = {isa = PBXBuildFile; fileRef = 8BF89CDC1C46068200359C41 /* Verdana.ttf */; };
		8BF89CEB1C46068200359C41 /* Framefile.json in Resources */ = {isa = PBXBuildFile; fileRef = 8BF89CDD1C46068200359C41 /* Framefile.json */; };
		AF98146F628F465EC4DA1135 /* Pods.framework in Frameworks */ = {isa = PBXBuildFile; fileRef = D1D82228285162DAF213084F /* Pods.framework */; };
/* End PBXBuildFile section */

/* Begin PBXContainerItemProxy section */
		8B3333AA1C28C02100831806 /* PBXContainerItemProxy */ = {
			isa = PBXContainerItemProxy;
			containerPortal = 8B33338D1C28C02100831806 /* Project object */;
			proxyType = 1;
			remoteGlobalIDString = 8B3333941C28C02100831806;
			remoteInfo = OpenFood;
		};
		8B3333B51C28C02100831806 /* PBXContainerItemProxy */ = {
			isa = PBXContainerItemProxy;
			containerPortal = 8B33338D1C28C02100831806 /* Project object */;
			proxyType = 1;
			remoteGlobalIDString = 8B3333941C28C02100831806;
			remoteInfo = OpenFood;
		};
		8BF89CC11C45FC2200359C41 /* PBXContainerItemProxy */ = {
			isa = PBXContainerItemProxy;
			containerPortal = 8B33338D1C28C02100831806 /* Project object */;
			proxyType = 1;
			remoteGlobalIDString = 8B3333941C28C02100831806;
			remoteInfo = OpenFood;
		};
/* End PBXContainerItemProxy section */

/* Begin PBXFileReference section */
		8B115D291C2DAFEC0079589F /* RecallManager.swift */ = {isa = PBXFileReference; fileEncoding = 4; lastKnownFileType = sourcecode.swift; path = RecallManager.swift; sourceTree = "<group>"; };
		8B3333951C28C02100831806 /* OpenFood.app */ = {isa = PBXFileReference; explicitFileType = wrapper.application; includeInIndex = 0; path = OpenFood.app; sourceTree = BUILT_PRODUCTS_DIR; };
		8B3333981C28C02100831806 /* AppDelegate.swift */ = {isa = PBXFileReference; lastKnownFileType = sourcecode.swift; path = AppDelegate.swift; sourceTree = "<group>"; };
		8B33339A1C28C02100831806 /* ViewController.swift */ = {isa = PBXFileReference; lastKnownFileType = sourcecode.swift; path = ViewController.swift; sourceTree = "<group>"; };
		8B33339D1C28C02100831806 /* Base */ = {isa = PBXFileReference; lastKnownFileType = file.storyboard; name = Base; path = Base.lproj/Main.storyboard; sourceTree = "<group>"; };
		8B33339F1C28C02100831806 /* Assets.xcassets */ = {isa = PBXFileReference; lastKnownFileType = folder.assetcatalog; path = Assets.xcassets; sourceTree = "<group>"; };
		8B3333A21C28C02100831806 /* Base */ = {isa = PBXFileReference; lastKnownFileType = file.storyboard; name = Base; path = Base.lproj/LaunchScreen.storyboard; sourceTree = "<group>"; };
		8B3333A41C28C02100831806 /* Info.plist */ = {isa = PBXFileReference; lastKnownFileType = text.plist.xml; path = Info.plist; sourceTree = "<group>"; };
		8B3333A91C28C02100831806 /* OpenFoodTests.xctest */ = {isa = PBXFileReference; explicitFileType = wrapper.cfbundle; includeInIndex = 0; path = OpenFoodTests.xctest; sourceTree = BUILT_PRODUCTS_DIR; };
		8B3333AD1C28C02100831806 /* OpenFoodTests.swift */ = {isa = PBXFileReference; lastKnownFileType = sourcecode.swift; path = OpenFoodTests.swift; sourceTree = "<group>"; };
		8B3333AF1C28C02100831806 /* Info.plist */ = {isa = PBXFileReference; lastKnownFileType = text.plist.xml; path = Info.plist; sourceTree = "<group>"; };
		8B3333B41C28C02100831806 /* OpenFoodUITests.xctest */ = {isa = PBXFileReference; explicitFileType = wrapper.cfbundle; includeInIndex = 0; path = OpenFoodUITests.xctest; sourceTree = BUILT_PRODUCTS_DIR; };
		8B3333B81C28C02100831806 /* OpenFoodUITests.swift */ = {isa = PBXFileReference; lastKnownFileType = sourcecode.swift; path = OpenFoodUITests.swift; sourceTree = "<group>"; };
		8B3333BA1C28C02100831806 /* Info.plist */ = {isa = PBXFileReference; lastKnownFileType = text.plist.xml; path = Info.plist; sourceTree = "<group>"; };
		8B3333C61C28C36A00831806 /* Constants.swift */ = {isa = PBXFileReference; fileEncoding = 4; lastKnownFileType = sourcecode.swift; path = Constants.swift; sourceTree = "<group>"; };
		8B3333C81C28D7BB00831806 /* RecallTableViewCell.swift */ = {isa = PBXFileReference; fileEncoding = 4; lastKnownFileType = sourcecode.swift; path = RecallTableViewCell.swift; sourceTree = "<group>"; };
		8B3333CA1C28D87E00831806 /* Recall.swift */ = {isa = PBXFileReference; fileEncoding = 4; lastKnownFileType = sourcecode.swift; path = Recall.swift; sourceTree = "<group>"; };
		8B346D6D1C581F2900DD65C5 /* README.md */ = {isa = PBXFileReference; fileEncoding = 4; lastKnownFileType = net.daringfireball.markdown; path = README.md; sourceTree = "<group>"; };
		8B346D6F1C581F5C00DD65C5 /* Demo.gif */ = {isa = PBXFileReference; lastKnownFileType = image.gif; path = Demo.gif; sourceTree = "<group>"; };
		8B3D2BD51D28068900A48A48 /* iosDistribution.p12.enc */ = {isa = PBXFileReference; fileEncoding = 4; lastKnownFileType = text; path = iosDistribution.p12.enc; sourceTree = "<group>"; };
		8B7288491C3239F60019297E /* MetaInfo.swift */ = {isa = PBXFileReference; fileEncoding = 4; lastKnownFileType = sourcecode.swift; path = MetaInfo.swift; sourceTree = "<group>"; };
		8B97C8BD1C28E95F00A977C8 /* DetailViewController.swift */ = {isa = PBXFileReference; fileEncoding = 4; lastKnownFileType = sourcecode.swift; path = DetailViewController.swift; sourceTree = "<group>"; };
		8B9E8E531C2A2AD900C6527E /* USStates.swift */ = {isa = PBXFileReference; fileEncoding = 4; lastKnownFileType = sourcecode.swift; path = USStates.swift; sourceTree = "<group>"; };
		8B9E8E551C2A36C200C6527E /* USStatePolygons.swift */ = {isa = PBXFileReference; fileEncoding = 4; lastKnownFileType = sourcecode.swift; path = USStatePolygons.swift; sourceTree = "<group>"; };
		8B9E8E571C2A3CBD00C6527E /* MapKit.framework */ = {isa = PBXFileReference; lastKnownFileType = wrapper.framework; name = MapKit.framework; path = System/Library/Frameworks/MapKit.framework; sourceTree = SDKROOT; };
		8BBF50C51C2DA99400606FE7 /* Extensions.swift */ = {isa = PBXFileReference; fileEncoding = 4; lastKnownFileType = sourcecode.swift; path = Extensions.swift; sourceTree = "<group>"; };
		8BC6059A1C3B141000C9FF94 /* Reach.swift */ = {isa = PBXFileReference; fileEncoding = 4; lastKnownFileType = sourcecode.swift; path = Reach.swift; sourceTree = "<group>"; };
		8BC6059C1C3B27EC00C9FF94 /* Helpers.swift */ = {isa = PBXFileReference; fileEncoding = 4; lastKnownFileType = sourcecode.swift; path = Helpers.swift; sourceTree = "<group>"; };
		8BD915CB1C3443D800973B8E /* StoreKit.framework */ = {isa = PBXFileReference; lastKnownFileType = wrapper.framework; name = StoreKit.framework; path = System/Library/Frameworks/StoreKit.framework; sourceTree = SDKROOT; };
		8BD915CD1C34450E00973B8E /* iAd.framework */ = {isa = PBXFileReference; lastKnownFileType = wrapper.framework; name = iAd.framework; path = System/Library/Frameworks/iAd.framework; sourceTree = SDKROOT; };
		8BD915CF1C344B6400973B8E /* AboutViewController.swift */ = {isa = PBXFileReference; fileEncoding = 4; lastKnownFileType = sourcecode.swift; path = AboutViewController.swift; sourceTree = "<group>"; };
		8BD915D11C34594D00973B8E /* IAPHelper.swift */ = {isa = PBXFileReference; fileEncoding = 4; lastKnownFileType = sourcecode.swift; path = IAPHelper.swift; sourceTree = "<group>"; };
		8BD915D31C34598600973B8E /* Product.swift */ = {isa = PBXFileReference; fileEncoding = 4; lastKnownFileType = sourcecode.swift; path = Product.swift; sourceTree = "<group>"; };
		8BDEAD361D2294CA00672830 /* .travis.yml */ = {isa = PBXFileReference; fileEncoding = 4; lastKnownFileType = text; path = .travis.yml; sourceTree = "<group>"; };
		8BE72A431D24BD4D0058619A /* script.sh */ = {isa = PBXFileReference; fileEncoding = 4; lastKnownFileType = text.script.sh; name = script.sh; path = travis/script.sh; sourceTree = "<group>"; };
		8BE72A461D24BD730058619A /* after_success_script.sh */ = {isa = PBXFileReference; fileEncoding = 4; lastKnownFileType = text.script.sh; name = after_success_script.sh; path = travis/after_success_script.sh; sourceTree = "<group>"; };
		8BF89C881C45F46E00359C41 /* Appfile */ = {isa = PBXFileReference; fileEncoding = 4; lastKnownFileType = text; path = Appfile; sourceTree = "<group>"; };
		8BF89C891C45F46E00359C41 /* Deliverfile */ = {isa = PBXFileReference; fileEncoding = 4; lastKnownFileType = text; path = Deliverfile; sourceTree = "<group>"; };
		8BF89C8A1C45F46E00359C41 /* Fastfile */ = {isa = PBXFileReference; fileEncoding = 4; lastKnownFileType = text; path = Fastfile; sourceTree = "<group>"; };
		8BF89C8C1C45F46E00359C41 /* copyright.txt */ = {isa = PBXFileReference; fileEncoding = 4; lastKnownFileType = text; path = copyright.txt; sourceTree = "<group>"; };
		8BF89C8E1C45F46E00359C41 /* description.txt */ = {isa = PBXFileReference; fileEncoding = 4; lastKnownFileType = text; path = description.txt; sourceTree = "<group>"; };
		8BF89C8F1C45F46E00359C41 /* keywords.txt */ = {isa = PBXFileReference; fileEncoding = 4; lastKnownFileType = text; path = keywords.txt; sourceTree = "<group>"; };
		8BF89C901C45F46E00359C41 /* marketing_url.txt */ = {isa = PBXFileReference; fileEncoding = 4; lastKnownFileType = text; path = marketing_url.txt; sourceTree = "<group>"; };
		8BF89C911C45F46E00359C41 /* name.txt */ = {isa = PBXFileReference; fileEncoding = 4; lastKnownFileType = text; path = name.txt; sourceTree = "<group>"; };
		8BF89C921C45F46E00359C41 /* privacy_url.txt */ = {isa = PBXFileReference; fileEncoding = 4; lastKnownFileType = text; path = privacy_url.txt; sourceTree = "<group>"; };
		8BF89C931C45F46E00359C41 /* release_notes.txt */ = {isa = PBXFileReference; fileEncoding = 4; lastKnownFileType = text; path = release_notes.txt; sourceTree = "<group>"; };
		8BF89C941C45F46E00359C41 /* support_url.txt */ = {isa = PBXFileReference; fileEncoding = 4; lastKnownFileType = text; path = support_url.txt; sourceTree = "<group>"; };
		8BF89C951C45F46E00359C41 /* primary_category.txt */ = {isa = PBXFileReference; fileEncoding = 4; lastKnownFileType = text; path = primary_category.txt; sourceTree = "<group>"; };
		8BF89C961C45F46E00359C41 /* primary_first_sub_category.txt */ = {isa = PBXFileReference; fileEncoding = 4; lastKnownFileType = text; path = primary_first_sub_category.txt; sourceTree = "<group>"; };
		8BF89C971C45F46E00359C41 /* primary_second_sub_category.txt */ = {isa = PBXFileReference; fileEncoding = 4; lastKnownFileType = text; path = primary_second_sub_category.txt; sourceTree = "<group>"; };
		8BF89C981C45F46E00359C41 /* secondary_category.txt */ = {isa = PBXFileReference; fileEncoding = 4; lastKnownFileType = text; path = secondary_category.txt; sourceTree = "<group>"; };
		8BF89C991C45F46E00359C41 /* secondary_first_sub_category.txt */ = {isa = PBXFileReference; fileEncoding = 4; lastKnownFileType = text; path = secondary_first_sub_category.txt; sourceTree = "<group>"; };
		8BF89C9A1C45F46E00359C41 /* secondary_second_sub_category.txt */ = {isa = PBXFileReference; fileEncoding = 4; lastKnownFileType = text; path = secondary_second_sub_category.txt; sourceTree = "<group>"; };
		8BF89C9B1C45F46E00359C41 /* report.xml */ = {isa = PBXFileReference; fileEncoding = 4; lastKnownFileType = text.xml; path = report.xml; sourceTree = "<group>"; };
		8BF89C9D1C45F46E00359C41 /* README.txt */ = {isa = PBXFileReference; fileEncoding = 4; lastKnownFileType = text; path = README.txt; sourceTree = "<group>"; };
		8BF89C9E1C45F46E00359C41 /* Snapfile */ = {isa = PBXFileReference; fileEncoding = 4; lastKnownFileType = text; path = Snapfile; sourceTree = "<group>"; };
		8BF89C9F1C45F46E00359C41 /* SnapshotHelper.swift */ = {isa = PBXFileReference; fileEncoding = 4; lastKnownFileType = sourcecode.swift; path = SnapshotHelper.swift; sourceTree = "<group>"; };
		8BF89CBC1C45FC2200359C41 /* OpenFoodSnapshot.xctest */ = {isa = PBXFileReference; explicitFileType = wrapper.cfbundle; includeInIndex = 0; path = OpenFoodSnapshot.xctest; sourceTree = BUILT_PRODUCTS_DIR; };
		8BF89CBE1C45FC2200359C41 /* OpenFoodSnapshot.swift */ = {isa = PBXFileReference; lastKnownFileType = sourcecode.swift; path = OpenFoodSnapshot.swift; sourceTree = "<group>"; };
		8BF89CC01C45FC2200359C41 /* Info.plist */ = {isa = PBXFileReference; lastKnownFileType = text.plist.xml; path = Info.plist; sourceTree = "<group>"; };
		8BF89CC81C46066700359C41 /* keyword.strings */ = {isa = PBXFileReference; fileEncoding = 4; lastKnownFileType = text.plist.strings; name = keyword.strings; path = "en-US/keyword.strings"; sourceTree = "<group>"; };
		8BF89CC91C46066700359C41 /* title.strings */ = {isa = PBXFileReference; fileEncoding = 4; lastKnownFileType = text.plist.strings; name = title.strings; path = "en-US/title.strings"; sourceTree = "<group>"; };
		8BF89CCC1C46068200359C41 /* background.jpg */ = {isa = PBXFileReference; lastKnownFileType = image.jpeg; path = background.jpg; sourceTree = "<group>"; };
		8BF89CCF1C46068200359C41 /* ChalkboardSE-Bold.ttf */ = {isa = PBXFileReference; lastKnownFileType = file; path = "ChalkboardSE-Bold.ttf"; sourceTree = "<group>"; };
		8BF89CD01C46068200359C41 /* ChalkboardSE-Light.ttf */ = {isa = PBXFileReference; lastKnownFileType = file; path = "ChalkboardSE-Light.ttf"; sourceTree = "<group>"; };
		8BF89CD11C46068200359C41 /* ChalkboardSE-Regular.ttf */ = {isa = PBXFileReference; lastKnownFileType = file; path = "ChalkboardSE-Regular.ttf"; sourceTree = "<group>"; };
		8BF89CD21C46068200359C41 /* fonts.dir */ = {isa = PBXFileReference; fileEncoding = 4; lastKnownFileType = text; path = fonts.dir; sourceTree = "<group>"; };
		8BF89CD31C46068200359C41 /* fonts.scale */ = {isa = PBXFileReference; fileEncoding = 4; lastKnownFileType = text; path = fonts.scale; sourceTree = "<group>"; };
		8BF89CD51C46068200359C41 /* ChalkboardSE.ttc */ = {isa = PBXFileReference; lastKnownFileType = file; path = ChalkboardSE.ttc; sourceTree = "<group>"; };
		8BF89CD71C46068200359C41 /* fonts.dir */ = {isa = PBXFileReference; fileEncoding = 4; lastKnownFileType = text; path = fonts.dir; sourceTree = "<group>"; };
		8BF89CD81C46068200359C41 /* fonts.scale */ = {isa = PBXFileReference; fileEncoding = 4; lastKnownFileType = text; path = fonts.scale; sourceTree = "<group>"; };
		8BF89CD91C46068200359C41 /* Verdana Bold Italic.ttf */ = {isa = PBXFileReference; lastKnownFileType = file; path = "Verdana Bold Italic.ttf"; sourceTree = "<group>"; };
		8BF89CDA1C46068200359C41 /* Verdana Bold.ttf */ = {isa = PBXFileReference; lastKnownFileType = file; path = "Verdana Bold.ttf"; sourceTree = "<group>"; };
		8BF89CDB1C46068200359C41 /* Verdana Italic.ttf */ = {isa = PBXFileReference; lastKnownFileType = file; path = "Verdana Italic.ttf"; sourceTree = "<group>"; };
		8BF89CDC1C46068200359C41 /* Verdana.ttf */ = {isa = PBXFileReference; lastKnownFileType = file; path = Verdana.ttf; sourceTree = "<group>"; };
		8BF89CDD1C46068200359C41 /* Framefile.json */ = {isa = PBXFileReference; fileEncoding = 4; lastKnownFileType = text.json; path = Framefile.json; sourceTree = "<group>"; };
		BD456AB451D303390520B787 /* Pods.debug.xcconfig */ = {isa = PBXFileReference; includeInIndex = 1; lastKnownFileType = text.xcconfig; name = Pods.debug.xcconfig; path = "Pods/Target Support Files/Pods/Pods.debug.xcconfig"; sourceTree = "<group>"; };
		CA474B76DE6DE682368082BE /* Pods.release.xcconfig */ = {isa = PBXFileReference; includeInIndex = 1; lastKnownFileType = text.xcconfig; name = Pods.release.xcconfig; path = "Pods/Target Support Files/Pods/Pods.release.xcconfig"; sourceTree = "<group>"; };
		D1D82228285162DAF213084F /* Pods.framework */ = {isa = PBXFileReference; explicitFileType = wrapper.framework; includeInIndex = 0; path = Pods.framework; sourceTree = BUILT_PRODUCTS_DIR; };
/* End PBXFileReference section */

/* Begin PBXFrameworksBuildPhase section */
		8B3333921C28C02100831806 /* Frameworks */ = {
			isa = PBXFrameworksBuildPhase;
			buildActionMask = 2147483647;
			files = (
				8BD915CE1C34450E00973B8E /* iAd.framework in Frameworks */,
				8BD915CC1C3443D800973B8E /* StoreKit.framework in Frameworks */,
				8B9E8E581C2A3CBD00C6527E /* MapKit.framework in Frameworks */,
				AF98146F628F465EC4DA1135 /* Pods.framework in Frameworks */,
			);
			runOnlyForDeploymentPostprocessing = 0;
		};
		8B3333A61C28C02100831806 /* Frameworks */ = {
			isa = PBXFrameworksBuildPhase;
			buildActionMask = 2147483647;
			files = (
			);
			runOnlyForDeploymentPostprocessing = 0;
		};
		8B3333B11C28C02100831806 /* Frameworks */ = {
			isa = PBXFrameworksBuildPhase;
			buildActionMask = 2147483647;
			files = (
			);
			runOnlyForDeploymentPostprocessing = 0;
		};
		8BF89CB91C45FC2200359C41 /* Frameworks */ = {
			isa = PBXFrameworksBuildPhase;
			buildActionMask = 2147483647;
			files = (
			);
			runOnlyForDeploymentPostprocessing = 0;
		};
/* End PBXFrameworksBuildPhase section */

/* Begin PBXGroup section */
		09A75FE6A0FF0F406419BD2F /* Frameworks */ = {
			isa = PBXGroup;
			children = (
				8BD915CD1C34450E00973B8E /* iAd.framework */,
				8BD915CB1C3443D800973B8E /* StoreKit.framework */,
				8B9E8E571C2A3CBD00C6527E /* MapKit.framework */,
				D1D82228285162DAF213084F /* Pods.framework */,
			);
			name = Frameworks;
			sourceTree = "<group>";
		};
		8B115D251C2DAF670079589F /* Controller */ = {
			isa = PBXGroup;
			children = (
				8B33339A1C28C02100831806 /* ViewController.swift */,
				8B97C8BD1C28E95F00A977C8 /* DetailViewController.swift */,
				8BD915CF1C344B6400973B8E /* AboutViewController.swift */,
			);
			name = Controller;
			sourceTree = "<group>";
		};
		8B115D261C2DAF7E0079589F /* Model */ = {
			isa = PBXGroup;
			children = (
				8B9E8E531C2A2AD900C6527E /* USStates.swift */,
				8B9E8E551C2A36C200C6527E /* USStatePolygons.swift */,
				8B3333CA1C28D87E00831806 /* Recall.swift */,
				8B115D291C2DAFEC0079589F /* RecallManager.swift */,
				8B7288491C3239F60019297E /* MetaInfo.swift */,
			);
			name = Model;
			sourceTree = "<group>";
		};
		8B115D271C2DAF830079589F /* View */ = {
			isa = PBXGroup;
			children = (
				8B3333C81C28D7BB00831806 /* RecallTableViewCell.swift */,
			);
			name = View;
			sourceTree = "<group>";
		};
		8B115D281C2DAFA10079589F /* Support */ = {
			isa = PBXGroup;
			children = (
				8B3333981C28C02100831806 /* AppDelegate.swift */,
				8B33339F1C28C02100831806 /* Assets.xcassets */,
				8B3333A11C28C02100831806 /* LaunchScreen.storyboard */,
				8B3333A41C28C02100831806 /* Info.plist */,
			);
			name = Support;
			sourceTree = "<group>";
		};
		8B33338C1C28C02100831806 = {
			isa = PBXGroup;
			children = (
				8BE72A451D24BD550058619A /* travis */,
				8BDEAD361D2294CA00672830 /* .travis.yml */,
				8B346D6F1C581F5C00DD65C5 /* Demo.gif */,
				8B346D6D1C581F2900DD65C5 /* README.md */,
				8BF89C861C45F46E00359C41 /* fastlane */,
				8B3333971C28C02100831806 /* OpenFood */,
				8B3333AC1C28C02100831806 /* OpenFoodTests */,
				8B3333B71C28C02100831806 /* OpenFoodUITests */,
				8BF89CBD1C45FC2200359C41 /* OpenFoodSnapshot */,
				8B3333961C28C02100831806 /* Products */,
				AAE7D02C34FC42B897988CA4 /* Pods */,
				09A75FE6A0FF0F406419BD2F /* Frameworks */,
			);
			sourceTree = "<group>";
		};
		8B3333961C28C02100831806 /* Products */ = {
			isa = PBXGroup;
			children = (
				8B3333951C28C02100831806 /* OpenFood.app */,
				8B3333A91C28C02100831806 /* OpenFoodTests.xctest */,
				8B3333B41C28C02100831806 /* OpenFoodUITests.xctest */,
				8BF89CBC1C45FC2200359C41 /* OpenFoodSnapshot.xctest */,
			);
			name = Products;
			sourceTree = "<group>";
		};
		8B3333971C28C02100831806 /* OpenFood */ = {
			isa = PBXGroup;
			children = (
				8B115D281C2DAFA10079589F /* Support */,
				8B115D251C2DAF670079589F /* Controller */,
				8B115D271C2DAF830079589F /* View */,
				8B115D261C2DAF7E0079589F /* Model */,
				8B3333C61C28C36A00831806 /* Constants.swift */,
				8BC6059C1C3B27EC00C9FF94 /* Helpers.swift */,
				8BBF50C51C2DA99400606FE7 /* Extensions.swift */,
				8BD915D11C34594D00973B8E /* IAPHelper.swift */,
				8BD915D31C34598600973B8E /* Product.swift */,
				8BC6059A1C3B141000C9FF94 /* Reach.swift */,
				8B33339C1C28C02100831806 /* Main.storyboard */,
			);
			path = OpenFood;
			sourceTree = "<group>";
		};
		8B3333AC1C28C02100831806 /* OpenFoodTests */ = {
			isa = PBXGroup;
			children = (
				8B3333AD1C28C02100831806 /* OpenFoodTests.swift */,
				8B3333AF1C28C02100831806 /* Info.plist */,
			);
			path = OpenFoodTests;
			sourceTree = "<group>";
		};
		8B3333B71C28C02100831806 /* OpenFoodUITests */ = {
			isa = PBXGroup;
			children = (
				8B3333B81C28C02100831806 /* OpenFoodUITests.swift */,
				8B3333BA1C28C02100831806 /* Info.plist */,
			);
			path = OpenFoodUITests;
			sourceTree = "<group>";
		};
		8B3D2BD41D28068900A48A48 /* cert */ = {
			isa = PBXGroup;
			children = (
				8B3D2BD51D28068900A48A48 /* iosDistribution.p12.enc */,
			);
			path = cert;
			sourceTree = "<group>";
		};
		8BE72A451D24BD550058619A /* travis */ = {
			isa = PBXGroup;
			children = (
				8BE72A431D24BD4D0058619A /* script.sh */,
				8BE72A461D24BD730058619A /* after_success_script.sh */,
			);
			name = travis;
			sourceTree = "<group>";
		};
		8BF89C861C45F46E00359C41 /* fastlane */ = {
			isa = PBXGroup;
			children = (
				8B3D2BD41D28068900A48A48 /* cert */,
				8BF89C9C1C45F46E00359C41 /* screenshots */,
				8BF89C8B1C45F46E00359C41 /* metadata */,
				8BF89C871C45F46E00359C41 /* actions */,
				8BF89C881C45F46E00359C41 /* Appfile */,
				8BF89C891C45F46E00359C41 /* Deliverfile */,
				8BF89C8A1C45F46E00359C41 /* Fastfile */,
				8BF89C9B1C45F46E00359C41 /* report.xml */,
				8BF89C9E1C45F46E00359C41 /* Snapfile */,
				8BF89C9F1C45F46E00359C41 /* SnapshotHelper.swift */,
			);
			path = fastlane;
			sourceTree = "<group>";
		};
		8BF89C871C45F46E00359C41 /* actions */ = {
			isa = PBXGroup;
			children = (
			);
			path = actions;
			sourceTree = "<group>";
		};
		8BF89C8B1C45F46E00359C41 /* metadata */ = {
			isa = PBXGroup;
			children = (
				8BF89C8C1C45F46E00359C41 /* copyright.txt */,
				8BF89C8D1C45F46E00359C41 /* en-US */,
				8BF89C951C45F46E00359C41 /* primary_category.txt */,
				8BF89C961C45F46E00359C41 /* primary_first_sub_category.txt */,
				8BF89C971C45F46E00359C41 /* primary_second_sub_category.txt */,
				8BF89C981C45F46E00359C41 /* secondary_category.txt */,
				8BF89C991C45F46E00359C41 /* secondary_first_sub_category.txt */,
				8BF89C9A1C45F46E00359C41 /* secondary_second_sub_category.txt */,
			);
			path = metadata;
			sourceTree = "<group>";
		};
		8BF89C8D1C45F46E00359C41 /* en-US */ = {
			isa = PBXGroup;
			children = (
				8BF89C8E1C45F46E00359C41 /* description.txt */,
				8BF89C8F1C45F46E00359C41 /* keywords.txt */,
				8BF89C901C45F46E00359C41 /* marketing_url.txt */,
				8BF89C911C45F46E00359C41 /* name.txt */,
				8BF89C921C45F46E00359C41 /* privacy_url.txt */,
				8BF89C931C45F46E00359C41 /* release_notes.txt */,
				8BF89C941C45F46E00359C41 /* support_url.txt */,
			);
			path = "en-US";
			sourceTree = "<group>";
		};
		8BF89C9C1C45F46E00359C41 /* screenshots */ = {
			isa = PBXGroup;
			children = (
				8BF89C9D1C45F46E00359C41 /* README.txt */,
				8BF89CC81C46066700359C41 /* keyword.strings */,
				8BF89CC91C46066700359C41 /* title.strings */,
				8BF89CCC1C46068200359C41 /* background.jpg */,
				8BF89CCD1C46068200359C41 /* fonts */,
				8BF89CDD1C46068200359C41 /* Framefile.json */,
			);
			path = screenshots;
			sourceTree = "<group>";
		};
		8BF89CBD1C45FC2200359C41 /* OpenFoodSnapshot */ = {
			isa = PBXGroup;
			children = (
				8BF89CBE1C45FC2200359C41 /* OpenFoodSnapshot.swift */,
				8BF89CC01C45FC2200359C41 /* Info.plist */,
			);
			path = OpenFoodSnapshot;
			sourceTree = "<group>";
		};
		8BF89CCD1C46068200359C41 /* fonts */ = {
			isa = PBXGroup;
			children = (
				8BF89CCE1C46068200359C41 /* Chalkboard SE */,
				8BF89CD61C46068200359C41 /* Verdana */,
			);
			path = fonts;
			sourceTree = "<group>";
		};
		8BF89CCE1C46068200359C41 /* Chalkboard SE */ = {
			isa = PBXGroup;
			children = (
				8BF89CCF1C46068200359C41 /* ChalkboardSE-Bold.ttf */,
				8BF89CD01C46068200359C41 /* ChalkboardSE-Light.ttf */,
				8BF89CD11C46068200359C41 /* ChalkboardSE-Regular.ttf */,
				8BF89CD21C46068200359C41 /* fonts.dir */,
				8BF89CD31C46068200359C41 /* fonts.scale */,
				8BF89CD41C46068200359C41 /* ttc */,
			);
			path = "Chalkboard SE";
			sourceTree = "<group>";
		};
		8BF89CD41C46068200359C41 /* ttc */ = {
			isa = PBXGroup;
			children = (
				8BF89CD51C46068200359C41 /* ChalkboardSE.ttc */,
			);
			path = ttc;
			sourceTree = "<group>";
		};
		8BF89CD61C46068200359C41 /* Verdana */ = {
			isa = PBXGroup;
			children = (
				8BF89CD71C46068200359C41 /* fonts.dir */,
				8BF89CD81C46068200359C41 /* fonts.scale */,
				8BF89CD91C46068200359C41 /* Verdana Bold Italic.ttf */,
				8BF89CDA1C46068200359C41 /* Verdana Bold.ttf */,
				8BF89CDB1C46068200359C41 /* Verdana Italic.ttf */,
				8BF89CDC1C46068200359C41 /* Verdana.ttf */,
			);
			path = Verdana;
			sourceTree = "<group>";
		};
		AAE7D02C34FC42B897988CA4 /* Pods */ = {
			isa = PBXGroup;
			children = (
				BD456AB451D303390520B787 /* Pods.debug.xcconfig */,
				CA474B76DE6DE682368082BE /* Pods.release.xcconfig */,
			);
			name = Pods;
			sourceTree = "<group>";
		};
/* End PBXGroup section */

/* Begin PBXNativeTarget section */
		8B3333941C28C02100831806 /* OpenFood */ = {
			isa = PBXNativeTarget;
			buildConfigurationList = 8B3333BD1C28C02100831806 /* Build configuration list for PBXNativeTarget "OpenFood" */;
			buildPhases = (
				B8A895089F977660DDE11D00 /* Check Pods Manifest.lock */,
				8B3333911C28C02100831806 /* Sources */,
				8B3333921C28C02100831806 /* Frameworks */,
				8B3333931C28C02100831806 /* Resources */,
				20FD9471A0AAA5F2883A5B7C /* Embed Pods Frameworks */,
				837C41AD6E396E6B61002026 /* Copy Pods Resources */,
			);
			buildRules = (
			);
			dependencies = (
			);
			name = OpenFood;
			productName = OpenFood;
			productReference = 8B3333951C28C02100831806 /* OpenFood.app */;
			productType = "com.apple.product-type.application";
		};
		8B3333A81C28C02100831806 /* OpenFoodTests */ = {
			isa = PBXNativeTarget;
			buildConfigurationList = 8B3333C01C28C02100831806 /* Build configuration list for PBXNativeTarget "OpenFoodTests" */;
			buildPhases = (
				8B3333A51C28C02100831806 /* Sources */,
				8B3333A61C28C02100831806 /* Frameworks */,
				8B3333A71C28C02100831806 /* Resources */,
			);
			buildRules = (
			);
			dependencies = (
				8B3333AB1C28C02100831806 /* PBXTargetDependency */,
			);
			name = OpenFoodTests;
			productName = OpenFoodTests;
			productReference = 8B3333A91C28C02100831806 /* OpenFoodTests.xctest */;
			productType = "com.apple.product-type.bundle.unit-test";
		};
		8B3333B31C28C02100831806 /* OpenFoodUITests */ = {
			isa = PBXNativeTarget;
			buildConfigurationList = 8B3333C31C28C02100831806 /* Build configuration list for PBXNativeTarget "OpenFoodUITests" */;
			buildPhases = (
				8B3333B01C28C02100831806 /* Sources */,
				8B3333B11C28C02100831806 /* Frameworks */,
				8B3333B21C28C02100831806 /* Resources */,
			);
			buildRules = (
			);
			dependencies = (
				8B3333B61C28C02100831806 /* PBXTargetDependency */,
			);
			name = OpenFoodUITests;
			productName = OpenFoodUITests;
			productReference = 8B3333B41C28C02100831806 /* OpenFoodUITests.xctest */;
			productType = "com.apple.product-type.bundle.ui-testing";
		};
		8BF89CBB1C45FC2200359C41 /* OpenFoodSnapshot */ = {
			isa = PBXNativeTarget;
			buildConfigurationList = 8BF89CC31C45FC2200359C41 /* Build configuration list for PBXNativeTarget "OpenFoodSnapshot" */;
			buildPhases = (
				8BF89CB81C45FC2200359C41 /* Sources */,
				8BF89CB91C45FC2200359C41 /* Frameworks */,
				8BF89CBA1C45FC2200359C41 /* Resources */,
			);
			buildRules = (
			);
			dependencies = (
				8BF89CC21C45FC2200359C41 /* PBXTargetDependency */,
			);
			name = OpenFoodSnapshot;
			productName = OpenFoodSnapshot;
			productReference = 8BF89CBC1C45FC2200359C41 /* OpenFoodSnapshot.xctest */;
			productType = "com.apple.product-type.bundle.ui-testing";
		};
/* End PBXNativeTarget section */

/* Begin PBXProject section */
		8B33338D1C28C02100831806 /* Project object */ = {
			isa = PBXProject;
			attributes = {
				LastSwiftUpdateCheck = 0720;
				LastUpgradeCheck = 0720;
				ORGANIZATIONNAME = "Thinh Luong";
				TargetAttributes = {
					8B3333941C28C02100831806 = {
						CreatedOnToolsVersion = 7.2;
						DevelopmentTeam = 38CJ7RTF4Q;
						SystemCapabilities = {
							com.apple.InAppPurchase = {
								enabled = 1;
							};
							com.apple.Maps.iOS = {
								enabled = 1;
							};
						};
					};
					8B3333A81C28C02100831806 = {
						CreatedOnToolsVersion = 7.2;
						TestTargetID = 8B3333941C28C02100831806;
					};
					8B3333B31C28C02100831806 = {
						CreatedOnToolsVersion = 7.2;
						TestTargetID = 8B3333941C28C02100831806;
					};
					8BF89CBB1C45FC2200359C41 = {
						CreatedOnToolsVersion = 7.2;
						TestTargetID = 8B3333941C28C02100831806;
					};
				};
			};
			buildConfigurationList = 8B3333901C28C02100831806 /* Build configuration list for PBXProject "OpenFood" */;
			compatibilityVersion = "Xcode 3.2";
			developmentRegion = English;
			hasScannedForEncodings = 0;
			knownRegions = (
				en,
				Base,
			);
			mainGroup = 8B33338C1C28C02100831806;
			productRefGroup = 8B3333961C28C02100831806 /* Products */;
			projectDirPath = "";
			projectRoot = "";
			targets = (
				8B3333941C28C02100831806 /* OpenFood */,
				8B3333A81C28C02100831806 /* OpenFoodTests */,
				8B3333B31C28C02100831806 /* OpenFoodUITests */,
				8BF89CBB1C45FC2200359C41 /* OpenFoodSnapshot */,
			);
		};
/* End PBXProject section */

/* Begin PBXResourcesBuildPhase section */
		8B3333931C28C02100831806 /* Resources */ = {
			isa = PBXResourcesBuildPhase;
			buildActionMask = 2147483647;
			files = (
				8BE72A471D24BD730058619A /* after_success_script.sh in Resources */,
				8BF89CAA1C45F46E00359C41 /* support_url.txt in Resources */,
				8BF89CA21C45F46E00359C41 /* Fastfile in Resources */,
				8BF89CB21C45F46E00359C41 /* README.txt in Resources */,
				8BF89CA41C45F46E00359C41 /* description.txt in Resources */,
				8BF89CA11C45F46E00359C41 /* Deliverfile in Resources */,
				8BDEAD371D2294CA00672830 /* .travis.yml in Resources */,
				8BF89CA61C45F46E00359C41 /* marketing_url.txt in Resources */,
				8BF89CA31C45F46E00359C41 /* copyright.txt in Resources */,
				8BF89CA81C45F46E00359C41 /* privacy_url.txt in Resources */,
				8BF89CA01C45F46E00359C41 /* Appfile in Resources */,
				8B3D2BD61D28068900A48A48 /* iosDistribution.p12.enc in Resources */,
				8BF89CB01C45F46E00359C41 /* secondary_second_sub_category.txt in Resources */,
				8BF89CAB1C45F46E00359C41 /* primary_category.txt in Resources */,
				8BF89CA71C45F46E00359C41 /* name.txt in Resources */,
				8BF89CA91C45F46E00359C41 /* release_notes.txt in Resources */,
				8BF89CAF1C45F46E00359C41 /* secondary_first_sub_category.txt in Resources */,
				8B3333A31C28C02100831806 /* LaunchScreen.storyboard in Resources */,
				8B3333A01C28C02100831806 /* Assets.xcassets in Resources */,
				8BF89CAC1C45F46E00359C41 /* primary_first_sub_category.txt in Resources */,
				8B346D701C581F5C00DD65C5 /* Demo.gif in Resources */,
				8BF89CA51C45F46E00359C41 /* keywords.txt in Resources */,
				8BF89CB31C45F46E00359C41 /* Snapfile in Resources */,
				8B33339E1C28C02100831806 /* Main.storyboard in Resources */,
				8BF89CB11C45F46E00359C41 /* report.xml in Resources */,
				8BF89CAD1C45F46E00359C41 /* primary_second_sub_category.txt in Resources */,
				8BF89CAE1C45F46E00359C41 /* secondary_category.txt in Resources */,
				8BE72A441D24BD4D0058619A /* script.sh in Resources */,
			);
			runOnlyForDeploymentPostprocessing = 0;
		};
		8B3333A71C28C02100831806 /* Resources */ = {
			isa = PBXResourcesBuildPhase;
			buildActionMask = 2147483647;
			files = (
			);
			runOnlyForDeploymentPostprocessing = 0;
		};
		8B3333B21C28C02100831806 /* Resources */ = {
			isa = PBXResourcesBuildPhase;
			buildActionMask = 2147483647;
			files = (
			);
			runOnlyForDeploymentPostprocessing = 0;
		};
		8BF89CBA1C45FC2200359C41 /* Resources */ = {
			isa = PBXResourcesBuildPhase;
			buildActionMask = 2147483647;
			files = (
				8BF89CE51C46068200359C41 /* fonts.dir in Resources */,
				8BF89CEB1C46068200359C41 /* Framefile.json in Resources */,
				8BF89CE91C46068200359C41 /* Verdana Italic.ttf in Resources */,
				8BF89CE11C46068200359C41 /* ChalkboardSE-Regular.ttf in Resources */,
				8BF89CE61C46068200359C41 /* fonts.scale in Resources */,
				8BF89CE71C46068200359C41 /* Verdana Bold Italic.ttf in Resources */,
				8BF89CEA1C46068200359C41 /* Verdana.ttf in Resources */,
				8BF89CDE1C46068200359C41 /* background.jpg in Resources */,
				8BF89CE81C46068200359C41 /* Verdana Bold.ttf in Resources */,
				8BF89CCA1C46066700359C41 /* keyword.strings in Resources */,
				8BF89CE31C46068200359C41 /* fonts.scale in Resources */,
				8BF89CE01C46068200359C41 /* ChalkboardSE-Light.ttf in Resources */,
				8BF89CDF1C46068200359C41 /* ChalkboardSE-Bold.ttf in Resources */,
				8BF89CE21C46068200359C41 /* fonts.dir in Resources */,
				8BF89CCB1C46066700359C41 /* title.strings in Resources */,
				8BF89CE41C46068200359C41 /* ChalkboardSE.ttc in Resources */,
			);
			runOnlyForDeploymentPostprocessing = 0;
		};
/* End PBXResourcesBuildPhase section */

/* Begin PBXShellScriptBuildPhase section */
		20FD9471A0AAA5F2883A5B7C /* Embed Pods Frameworks */ = {
			isa = PBXShellScriptBuildPhase;
			buildActionMask = 2147483647;
			files = (
			);
			inputPaths = (
			);
			name = "Embed Pods Frameworks";
			outputPaths = (
			);
			runOnlyForDeploymentPostprocessing = 0;
			shellPath = /bin/sh;
			shellScript = "\"${SRCROOT}/Pods/Target Support Files/Pods/Pods-frameworks.sh\"\n";
			showEnvVarsInLog = 0;
		};
		837C41AD6E396E6B61002026 /* Copy Pods Resources */ = {
			isa = PBXShellScriptBuildPhase;
			buildActionMask = 2147483647;
			files = (
			);
			inputPaths = (
			);
			name = "Copy Pods Resources";
			outputPaths = (
			);
			runOnlyForDeploymentPostprocessing = 0;
			shellPath = /bin/sh;
			shellScript = "\"${SRCROOT}/Pods/Target Support Files/Pods/Pods-resources.sh\"\n";
			showEnvVarsInLog = 0;
		};
		B8A895089F977660DDE11D00 /* Check Pods Manifest.lock */ = {
			isa = PBXShellScriptBuildPhase;
			buildActionMask = 2147483647;
			files = (
			);
			inputPaths = (
			);
			name = "Check Pods Manifest.lock";
			outputPaths = (
			);
			runOnlyForDeploymentPostprocessing = 0;
			shellPath = /bin/sh;
			shellScript = "diff \"${PODS_ROOT}/../Podfile.lock\" \"${PODS_ROOT}/Manifest.lock\" > /dev/null\nif [[ $? != 0 ]] ; then\n    cat << EOM\nerror: The sandbox is not in sync with the Podfile.lock. Run 'pod install' or update your CocoaPods installation.\nEOM\n    exit 1\nfi\n";
			showEnvVarsInLog = 0;
		};
/* End PBXShellScriptBuildPhase section */

/* Begin PBXSourcesBuildPhase section */
		8B3333911C28C02100831806 /* Sources */ = {
			isa = PBXSourcesBuildPhase;
			buildActionMask = 2147483647;
			files = (
				8B3333C91C28D7BB00831806 /* RecallTableViewCell.swift in Sources */,
				8BD915D21C34594D00973B8E /* IAPHelper.swift in Sources */,
				8BBF50C61C2DA99400606FE7 /* Extensions.swift in Sources */,
				8B33339B1C28C02100831806 /* ViewController.swift in Sources */,
				8B3333991C28C02100831806 /* AppDelegate.swift in Sources */,
				8B97C8BE1C28E95F00A977C8 /* DetailViewController.swift in Sources */,
				8B72884A1C3239F60019297E /* MetaInfo.swift in Sources */,
				8BC6059B1C3B141000C9FF94 /* Reach.swift in Sources */,
				8BD915D01C344B6400973B8E /* AboutViewController.swift in Sources */,
				8B3333C71C28C36A00831806 /* Constants.swift in Sources */,
				8B9E8E541C2A2AD900C6527E /* USStates.swift in Sources */,
				8B346D6E1C581F2900DD65C5 /* README.md in Sources */,
				8BC6059D1C3B27EC00C9FF94 /* Helpers.swift in Sources */,
				8B3333CB1C28D87E00831806 /* Recall.swift in Sources */,
				8B115D2A1C2DAFEC0079589F /* RecallManager.swift in Sources */,
				8B9E8E561C2A36C200C6527E /* USStatePolygons.swift in Sources */,
				8BD915D41C34598600973B8E /* Product.swift in Sources */,
			);
			runOnlyForDeploymentPostprocessing = 0;
		};
		8B3333A51C28C02100831806 /* Sources */ = {
			isa = PBXSourcesBuildPhase;
			buildActionMask = 2147483647;
			files = (
				8B3333AE1C28C02100831806 /* OpenFoodTests.swift in Sources */,
			);
			runOnlyForDeploymentPostprocessing = 0;
		};
		8B3333B01C28C02100831806 /* Sources */ = {
			isa = PBXSourcesBuildPhase;
			buildActionMask = 2147483647;
			files = (
				8B3333B91C28C02100831806 /* OpenFoodUITests.swift in Sources */,
			);
			runOnlyForDeploymentPostprocessing = 0;
		};
		8BF89CB81C45FC2200359C41 /* Sources */ = {
			isa = PBXSourcesBuildPhase;
			buildActionMask = 2147483647;
			files = (
				8BF89CBF1C45FC2200359C41 /* OpenFoodSnapshot.swift in Sources */,
				8BF89CC71C45FCE700359C41 /* SnapshotHelper.swift in Sources */,
			);
			runOnlyForDeploymentPostprocessing = 0;
		};
/* End PBXSourcesBuildPhase section */

/* Begin PBXTargetDependency section */
		8B3333AB1C28C02100831806 /* PBXTargetDependency */ = {
			isa = PBXTargetDependency;
			target = 8B3333941C28C02100831806 /* OpenFood */;
			targetProxy = 8B3333AA1C28C02100831806 /* PBXContainerItemProxy */;
		};
		8B3333B61C28C02100831806 /* PBXTargetDependency */ = {
			isa = PBXTargetDependency;
			target = 8B3333941C28C02100831806 /* OpenFood */;
			targetProxy = 8B3333B51C28C02100831806 /* PBXContainerItemProxy */;
		};
		8BF89CC21C45FC2200359C41 /* PBXTargetDependency */ = {
			isa = PBXTargetDependency;
			target = 8B3333941C28C02100831806 /* OpenFood */;
			targetProxy = 8BF89CC11C45FC2200359C41 /* PBXContainerItemProxy */;
		};
/* End PBXTargetDependency section */

/* Begin PBXVariantGroup section */
		8B33339C1C28C02100831806 /* Main.storyboard */ = {
			isa = PBXVariantGroup;
			children = (
				8B33339D1C28C02100831806 /* Base */,
			);
			name = Main.storyboard;
			sourceTree = "<group>";
		};
		8B3333A11C28C02100831806 /* LaunchScreen.storyboard */ = {
			isa = PBXVariantGroup;
			children = (
				8B3333A21C28C02100831806 /* Base */,
			);
			name = LaunchScreen.storyboard;
			sourceTree = "<group>";
		};
/* End PBXVariantGroup section */

/* Begin XCBuildConfiguration section */
		8B3333BB1C28C02100831806 /* Debug */ = {
			isa = XCBuildConfiguration;
			buildSettings = {
				ALWAYS_SEARCH_USER_PATHS = NO;
				CLANG_CXX_LANGUAGE_STANDARD = "gnu++0x";
				CLANG_CXX_LIBRARY = "libc++";
				CLANG_ENABLE_MODULES = YES;
				CLANG_ENABLE_OBJC_ARC = YES;
				CLANG_WARN_BOOL_CONVERSION = YES;
				CLANG_WARN_CONSTANT_CONVERSION = YES;
				CLANG_WARN_DIRECT_OBJC_ISA_USAGE = YES_ERROR;
				CLANG_WARN_EMPTY_BODY = YES;
				CLANG_WARN_ENUM_CONVERSION = YES;
				CLANG_WARN_INT_CONVERSION = YES;
				CLANG_WARN_OBJC_ROOT_CLASS = YES_ERROR;
				CLANG_WARN_UNREACHABLE_CODE = YES;
				CLANG_WARN__DUPLICATE_METHOD_MATCH = YES;
				CODE_SIGN_IDENTITY = "iPhone Developer";
				"CODE_SIGN_IDENTITY[sdk=iphoneos*]" = "iPhone Developer";
				COPY_PHASE_STRIP = NO;
				DEBUG_INFORMATION_FORMAT = dwarf;
				ENABLE_STRICT_OBJC_MSGSEND = YES;
				ENABLE_TESTABILITY = YES;
				GCC_C_LANGUAGE_STANDARD = gnu99;
				GCC_DYNAMIC_NO_PIC = NO;
				GCC_NO_COMMON_BLOCKS = YES;
				GCC_OPTIMIZATION_LEVEL = 0;
				GCC_PREPROCESSOR_DEFINITIONS = (
					"DEBUG=1",
					"$(inherited)",
				);
				GCC_WARN_64_TO_32_BIT_CONVERSION = YES;
				GCC_WARN_ABOUT_RETURN_TYPE = YES_ERROR;
				GCC_WARN_UNDECLARED_SELECTOR = YES;
				GCC_WARN_UNINITIALIZED_AUTOS = YES_AGGRESSIVE;
				GCC_WARN_UNUSED_FUNCTION = YES;
				GCC_WARN_UNUSED_VARIABLE = YES;
				IPHONEOS_DEPLOYMENT_TARGET = 9.2;
				MTL_ENABLE_DEBUG_INFO = YES;
				ONLY_ACTIVE_ARCH = YES;
				SDKROOT = iphoneos;
				SWIFT_OPTIMIZATION_LEVEL = "-Onone";
				TARGETED_DEVICE_FAMILY = "1,2";
			};
			name = Debug;
		};
		8B3333BC1C28C02100831806 /* App Store */ = {
			isa = XCBuildConfiguration;
			buildSettings = {
				ALWAYS_SEARCH_USER_PATHS = NO;
				CLANG_CXX_LANGUAGE_STANDARD = "gnu++0x";
				CLANG_CXX_LIBRARY = "libc++";
				CLANG_ENABLE_MODULES = YES;
				CLANG_ENABLE_OBJC_ARC = YES;
				CLANG_WARN_BOOL_CONVERSION = YES;
				CLANG_WARN_CONSTANT_CONVERSION = YES;
				CLANG_WARN_DIRECT_OBJC_ISA_USAGE = YES_ERROR;
				CLANG_WARN_EMPTY_BODY = YES;
				CLANG_WARN_ENUM_CONVERSION = YES;
				CLANG_WARN_INT_CONVERSION = YES;
				CLANG_WARN_OBJC_ROOT_CLASS = YES_ERROR;
				CLANG_WARN_UNREACHABLE_CODE = YES;
				CLANG_WARN__DUPLICATE_METHOD_MATCH = YES;
				CODE_SIGN_IDENTITY = "iPhone Distribution";
				"CODE_SIGN_IDENTITY[sdk=iphoneos*]" = "iPhone Distribution";
				COPY_PHASE_STRIP = NO;
				DEBUG_INFORMATION_FORMAT = "dwarf-with-dsym";
				ENABLE_NS_ASSERTIONS = NO;
				ENABLE_STRICT_OBJC_MSGSEND = YES;
				GCC_C_LANGUAGE_STANDARD = gnu99;
				GCC_NO_COMMON_BLOCKS = YES;
				GCC_WARN_64_TO_32_BIT_CONVERSION = YES;
				GCC_WARN_ABOUT_RETURN_TYPE = YES_ERROR;
				GCC_WARN_UNDECLARED_SELECTOR = YES;
				GCC_WARN_UNINITIALIZED_AUTOS = YES_AGGRESSIVE;
				GCC_WARN_UNUSED_FUNCTION = YES;
				GCC_WARN_UNUSED_VARIABLE = YES;
				IPHONEOS_DEPLOYMENT_TARGET = 9.2;
				MTL_ENABLE_DEBUG_INFO = NO;
				SDKROOT = iphoneos;
				TARGETED_DEVICE_FAMILY = "1,2";
				VALIDATE_PRODUCT = YES;
			};
			name = "App Store";
		};
		8B3333BE1C28C02100831806 /* Debug */ = {
			isa = XCBuildConfiguration;
			baseConfigurationReference = BD456AB451D303390520B787 /* Pods.debug.xcconfig */;
			buildSettings = {
				ASSETCATALOG_COMPILER_APPICON_NAME = AppIcon;
				CLANG_ENABLE_MODULES = YES;
				CODE_SIGN_IDENTITY = "iPhone Developer";
				"CODE_SIGN_IDENTITY[sdk=iphoneos*]" = "iPhone Developer";
				INFOPLIST_FILE = OpenFood/Info.plist;
				IPHONEOS_DEPLOYMENT_TARGET = 9.1;
				LD_RUNPATH_SEARCH_PATHS = "$(inherited) @executable_path/Frameworks";
				PRODUCT_BUNDLE_IDENTIFIER = tvluong.OpenFood;
				PRODUCT_NAME = "$(TARGET_NAME)";
				PROVISIONING_PROFILE = "";
				SWIFT_OPTIMIZATION_LEVEL = "-Onone";
			};
			name = Debug;
		};
		8B3333BF1C28C02100831806 /* App Store */ = {
			isa = XCBuildConfiguration;
			baseConfigurationReference = CA474B76DE6DE682368082BE /* Pods.release.xcconfig */;
			buildSettings = {
				ASSETCATALOG_COMPILER_APPICON_NAME = AppIcon;
				CLANG_ENABLE_MODULES = YES;
				CODE_SIGN_IDENTITY = "iPhone Distribution";
				"CODE_SIGN_IDENTITY[sdk=iphoneos*]" = "iPhone Distribution";
				INFOPLIST_FILE = OpenFood/Info.plist;
				IPHONEOS_DEPLOYMENT_TARGET = 9.1;
				LD_RUNPATH_SEARCH_PATHS = "$(inherited) @executable_path/Frameworks";
				PRODUCT_BUNDLE_IDENTIFIER = tvluong.OpenFood;
				PRODUCT_NAME = "$(TARGET_NAME)";
				PROVISIONING_PROFILE = "";
			};
			name = "App Store";
		};
		8B3333C11C28C02100831806 /* Debug */ = {
			isa = XCBuildConfiguration;
			buildSettings = {
				BUNDLE_LOADER = "$(TEST_HOST)";
				INFOPLIST_FILE = OpenFoodTests/Info.plist;
				LD_RUNPATH_SEARCH_PATHS = "$(inherited) @executable_path/Frameworks @loader_path/Frameworks";
				PRODUCT_BUNDLE_IDENTIFIER = tvluong.OpenFoodTests;
				PRODUCT_NAME = "$(TARGET_NAME)";
				TEST_HOST = "$(BUILT_PRODUCTS_DIR)/OpenFood.app/OpenFood";
			};
			name = Debug;
		};
		8B3333C21C28C02100831806 /* App Store */ = {
			isa = XCBuildConfiguration;
			buildSettings = {
				BUNDLE_LOADER = "$(TEST_HOST)";
				INFOPLIST_FILE = OpenFoodTests/Info.plist;
				LD_RUNPATH_SEARCH_PATHS = "$(inherited) @executable_path/Frameworks @loader_path/Frameworks";
				PRODUCT_BUNDLE_IDENTIFIER = tvluong.OpenFoodTests;
				PRODUCT_NAME = "$(TARGET_NAME)";
				TEST_HOST = "$(BUILT_PRODUCTS_DIR)/OpenFood.app/OpenFood";
			};
			name = "App Store";
		};
		8B3333C41C28C02100831806 /* Debug */ = {
			isa = XCBuildConfiguration;
			buildSettings = {
				INFOPLIST_FILE = OpenFoodUITests/Info.plist;
				LD_RUNPATH_SEARCH_PATHS = "$(inherited) @executable_path/Frameworks @loader_path/Frameworks";
				PRODUCT_BUNDLE_IDENTIFIER = tvluong.OpenFoodUITests;
				PRODUCT_NAME = "$(TARGET_NAME)";
				TEST_TARGET_NAME = OpenFood;
				USES_XCTRUNNER = YES;
			};
			name = Debug;
		};
		8B3333C51C28C02100831806 /* App Store */ = {
			isa = XCBuildConfiguration;
			buildSettings = {
				INFOPLIST_FILE = OpenFoodUITests/Info.plist;
				LD_RUNPATH_SEARCH_PATHS = "$(inherited) @executable_path/Frameworks @loader_path/Frameworks";
				PRODUCT_BUNDLE_IDENTIFIER = tvluong.OpenFoodUITests;
				PRODUCT_NAME = "$(TARGET_NAME)";
				TEST_TARGET_NAME = OpenFood;
				USES_XCTRUNNER = YES;
			};
			name = "App Store";
		};
		8B3D2BBF1D276A6E00A48A48 /* Ad Hoc */ = {
			isa = XCBuildConfiguration;
			buildSettings = {
				ALWAYS_SEARCH_USER_PATHS = NO;
				CLANG_CXX_LANGUAGE_STANDARD = "gnu++0x";
				CLANG_CXX_LIBRARY = "libc++";
				CLANG_ENABLE_MODULES = YES;
				CLANG_ENABLE_OBJC_ARC = YES;
				CLANG_WARN_BOOL_CONVERSION = YES;
				CLANG_WARN_CONSTANT_CONVERSION = YES;
				CLANG_WARN_DIRECT_OBJC_ISA_USAGE = YES_ERROR;
				CLANG_WARN_EMPTY_BODY = YES;
				CLANG_WARN_ENUM_CONVERSION = YES;
				CLANG_WARN_INT_CONVERSION = YES;
				CLANG_WARN_OBJC_ROOT_CLASS = YES_ERROR;
				CLANG_WARN_UNREACHABLE_CODE = YES;
				CLANG_WARN__DUPLICATE_METHOD_MATCH = YES;
				CODE_SIGN_IDENTITY = "iPhone Distribution";
				"CODE_SIGN_IDENTITY[sdk=iphoneos*]" = "iPhone Distribution";
				COPY_PHASE_STRIP = NO;
				DEBUG_INFORMATION_FORMAT = "dwarf-with-dsym";
				ENABLE_NS_ASSERTIONS = NO;
				ENABLE_STRICT_OBJC_MSGSEND = YES;
				GCC_C_LANGUAGE_STANDARD = gnu99;
				GCC_NO_COMMON_BLOCKS = YES;
				GCC_WARN_64_TO_32_BIT_CONVERSION = YES;
				GCC_WARN_ABOUT_RETURN_TYPE = YES_ERROR;
				GCC_WARN_UNDECLARED_SELECTOR = YES;
				GCC_WARN_UNINITIALIZED_AUTOS = YES_AGGRESSIVE;
				GCC_WARN_UNUSED_FUNCTION = YES;
				GCC_WARN_UNUSED_VARIABLE = YES;
				IPHONEOS_DEPLOYMENT_TARGET = 9.2;
				MTL_ENABLE_DEBUG_INFO = NO;
				SDKROOT = iphoneos;
				TARGETED_DEVICE_FAMILY = "1,2";
				VALIDATE_PRODUCT = YES;
			};
			name = "Ad Hoc";
		};
		8B3D2BC01D276A6E00A48A48 /* Ad Hoc */ = {
			isa = XCBuildConfiguration;
			baseConfigurationReference = CA474B76DE6DE682368082BE /* Pods.release.xcconfig */;
			buildSettings = {
				ASSETCATALOG_COMPILER_APPICON_NAME = AppIcon;
				CLANG_ENABLE_MODULES = YES;
				CODE_SIGN_IDENTITY = "iPhone Distribution";
				"CODE_SIGN_IDENTITY[sdk=iphoneos*]" = "iPhone Distribution";
				INFOPLIST_FILE = OpenFood/Info.plist;
				IPHONEOS_DEPLOYMENT_TARGET = 9.1;
				LD_RUNPATH_SEARCH_PATHS = "$(inherited) @executable_path/Frameworks";
				PRODUCT_BUNDLE_IDENTIFIER = tvluong.OpenFood;
				PRODUCT_NAME = "$(TARGET_NAME)";
				PROVISIONING_PROFILE = "";
			};
			name = "Ad Hoc";
		};
		8B3D2BC11D276A6E00A48A48 /* Ad Hoc */ = {
			isa = XCBuildConfiguration;
			buildSettings = {
				BUNDLE_LOADER = "$(TEST_HOST)";
				INFOPLIST_FILE = OpenFoodTests/Info.plist;
				LD_RUNPATH_SEARCH_PATHS = "$(inherited) @executable_path/Frameworks @loader_path/Frameworks";
				PRODUCT_BUNDLE_IDENTIFIER = tvluong.OpenFoodTests;
				PRODUCT_NAME = "$(TARGET_NAME)";
				TEST_HOST = "$(BUILT_PRODUCTS_DIR)/OpenFood.app/OpenFood";
			};
			name = "Ad Hoc";
		};
		8B3D2BC21D276A6E00A48A48 /* Ad Hoc */ = {
			isa = XCBuildConfiguration;
			buildSettings = {
				INFOPLIST_FILE = OpenFoodUITests/Info.plist;
				LD_RUNPATH_SEARCH_PATHS = "$(inherited) @executable_path/Frameworks @loader_path/Frameworks";
				PRODUCT_BUNDLE_IDENTIFIER = tvluong.OpenFoodUITests;
				PRODUCT_NAME = "$(TARGET_NAME)";
				TEST_TARGET_NAME = OpenFood;
				USES_XCTRUNNER = YES;
			};
			name = "Ad Hoc";
		};
		8B3D2BC31D276A6E00A48A48 /* Ad Hoc */ = {
			isa = XCBuildConfiguration;
			buildSettings = {
				INFOPLIST_FILE = OpenFoodSnapshot/Info.plist;
				LD_RUNPATH_SEARCH_PATHS = "$(inherited) @executable_path/Frameworks @loader_path/Frameworks";
				PRODUCT_BUNDLE_IDENTIFIER = tvluong.OpenFoodSnapshot;
				PRODUCT_NAME = "$(TARGET_NAME)";
				TEST_TARGET_NAME = OpenFood;
				USES_XCTRUNNER = YES;
			};
			name = "Ad Hoc";
		};
		8BF89CC41C45FC2200359C41 /* Debug */ = {
			isa = XCBuildConfiguration;
			buildSettings = {
				INFOPLIST_FILE = OpenFoodSnapshot/Info.plist;
				LD_RUNPATH_SEARCH_PATHS = "$(inherited) @executable_path/Frameworks @loader_path/Frameworks";
				PRODUCT_BUNDLE_IDENTIFIER = tvluong.OpenFoodSnapshot;
				PRODUCT_NAME = "$(TARGET_NAME)";
				TEST_TARGET_NAME = OpenFood;
				USES_XCTRUNNER = YES;
			};
			name = Debug;
		};
		8BF89CC51C45FC2200359C41 /* App Store */ = {
			isa = XCBuildConfiguration;
			buildSettings = {
				INFOPLIST_FILE = OpenFoodSnapshot/Info.plist;
				LD_RUNPATH_SEARCH_PATHS = "$(inherited) @executable_path/Frameworks @loader_path/Frameworks";
				PRODUCT_BUNDLE_IDENTIFIER = tvluong.OpenFoodSnapshot;
				PRODUCT_NAME = "$(TARGET_NAME)";
				TEST_TARGET_NAME = OpenFood;
				USES_XCTRUNNER = YES;
			};
			name = "App Store";
		};
/* End XCBuildConfiguration section */

/* Begin XCConfigurationList section */
		8B3333901C28C02100831806 /* Build configuration list for PBXProject "OpenFood" */ = {
			isa = XCConfigurationList;
			buildConfigurations = (
				8B3333BB1C28C02100831806 /* Debug */,
				8B3333BC1C28C02100831806 /* App Store */,
				8B3D2BBF1D276A6E00A48A48 /* Ad Hoc */,
			);
			defaultConfigurationIsVisible = 0;
			defaultConfigurationName = "App Store";
		};
		8B3333BD1C28C02100831806 /* Build configuration list for PBXNativeTarget "OpenFood" */ = {
			isa = XCConfigurationList;
			buildConfigurations = (
				8B3333BE1C28C02100831806 /* Debug */,
				8B3333BF1C28C02100831806 /* App Store */,
				8B3D2BC01D276A6E00A48A48 /* Ad Hoc */,
			);
			defaultConfigurationIsVisible = 0;
			defaultConfigurationName = "App Store";
		};
		8B3333C01C28C02100831806 /* Build configuration list for PBXNativeTarget "OpenFoodTests" */ = {
			isa = XCConfigurationList;
			buildConfigurations = (
				8B3333C11C28C02100831806 /* Debug */,
				8B3333C21C28C02100831806 /* App Store */,
				8B3D2BC11D276A6E00A48A48 /* Ad Hoc */,
			);
			defaultConfigurationIsVisible = 0;
			defaultConfigurationName = "App Store";
		};
		8B3333C31C28C02100831806 /* Build configuration list for PBXNativeTarget "OpenFoodUITests" */ = {
			isa = XCConfigurationList;
			buildConfigurations = (
				8B3333C41C28C02100831806 /* Debug */,
				8B3333C51C28C02100831806 /* App Store */,
				8B3D2BC21D276A6E00A48A48 /* Ad Hoc */,
			);
			defaultConfigurationIsVisible = 0;
			defaultConfigurationName = "App Store";
		};
		8BF89CC31C45FC2200359C41 /* Build configuration list for PBXNativeTarget "OpenFoodSnapshot" */ = {
			isa = XCConfigurationList;
			buildConfigurations = (
				8BF89CC41C45FC2200359C41 /* Debug */,
				8BF89CC51C45FC2200359C41 /* App Store */,
				8B3D2BC31D276A6E00A48A48 /* Ad Hoc */,
			);
			defaultConfigurationIsVisible = 0;
			defaultConfigurationName = "App Store";
		};
/* End XCConfigurationList section */
	};
	rootObject = 8B33338D1C28C02100831806 /* Project object */;
}
